
Microsoft Visual Studio Solution File, Format Version 12.00
# Visual Studio Version 16
VisualStudioVersion = 16.0.31702.278
MinimumVisualStudioVersion = 10.0.40219.1
Project("{FAE04EC0-301F-11D3-BF4B-00C04F79EFBC}") = "WindowsFormsApp1", "WindowsFormsApp1\WindowsFormsApp1.csproj", "{63C6EEAF-2485-410E-90EC-1C7A4F80B232}"
EndProject
Global
	GlobalSection(SolutionConfigurationPlatforms) = preSolution
		Debug|Any CPU = Debug|Any CPU
		Release|Any CPU = Release|Any CPU
	EndGlobalSection
	GlobalSection(ProjectConfigurationPlatforms) = postSolution
		{63C6EEAF-2485-410E-90EC-1C7A4F80B232}.Debug|Any CPU.ActiveCfg = Debug|Any CPU
		{63C6EEAF-2485-410E-90EC-1C7A4F80B232}.Debug|Any CPU.Build.0 = Debug|Any CPU
		{63C6EEAF-2485-410E-90EC-1C7A4F80B232}.Release|Any CPU.ActiveCfg = Release|Any CPU
		{63C6EEAF-2485-410E-90EC-1C7A4F80B232}.Release|Any CPU.Build.0 = Release|Any CPU
	EndGlobalSection
	GlobalSection(SolutionProperties) = preSolution
		HideSolutionNode = FALSE
	EndGlobalSection
	GlobalSection(ExtensibilityGlobals) = postSolution
		SolutionGuid = {47C3FF09-83B7-49A8-8267-DD2329DE75AD}
	EndGlobalSection
EndGlobal
