
Microsoft Visual Studio Solution File, Format Version 12.00
# Visual Studio Version 16
VisualStudioVersion = 16.0.31702.278
MinimumVisualStudioVersion = 10.0.40219.1
Project("{FAE04EC0-301F-11D3-BF4B-00C04F79EFBC}") = "ConsoleApp1", "ConsoleApp1\ConsoleApp1.csproj", "{1CB8FCAF-A171-40EE-AA6A-2031CDDD1E0D}"
EndProject
Global
	GlobalSection(SolutionConfigurationPlatforms) = preSolution
		Debug|Any CPU = Debug|Any CPU
		Release|Any CPU = Release|Any CPU
	EndGlobalSection
	GlobalSection(ProjectConfigurationPlatforms) = postSolution
		{1CB8FCAF-A171-40EE-AA6A-2031CDDD1E0D}.Debug|Any CPU.ActiveCfg = Debug|Any CPU
		{1CB8FCAF-A171-40EE-AA6A-2031CDDD1E0D}.Debug|Any CPU.Build.0 = Debug|Any CPU
		{1CB8FCAF-A171-40EE-AA6A-2031CDDD1E0D}.Release|Any CPU.ActiveCfg = Release|Any CPU
		{1CB8FCAF-A171-40EE-AA6A-2031CDDD1E0D}.Release|Any CPU.Build.0 = Release|Any CPU
	EndGlobalSection
	GlobalSection(SolutionProperties) = preSolution
		HideSolutionNode = FALSE
	EndGlobalSection
	GlobalSection(ExtensibilityGlobals) = postSolution
		SolutionGuid = {2605D6A1-C749-4B71-8C91-289AA6B9814C}
	EndGlobalSection
EndGlobal
