
Microsoft Visual Studio Solution File, Format Version 12.00
# Visual Studio Version 16
VisualStudioVersion = 16.0.31702.278
MinimumVisualStudioVersion = 10.0.40219.1
Project("{FAE04EC0-301F-11D3-BF4B-00C04F79EFBC}") = "Minesana", "Minesana\Minesana.csproj", "{59981EC7-5CE9-4B7D-8B71-99756FC8500D}"
EndProject
Global
	GlobalSection(SolutionConfigurationPlatforms) = preSolution
		Debug|Any CPU = Debug|Any CPU
		Release|Any CPU = Release|Any CPU
	EndGlobalSection
	GlobalSection(ProjectConfigurationPlatforms) = postSolution
		{59981EC7-5CE9-4B7D-8B71-99756FC8500D}.Debug|Any CPU.ActiveCfg = Debug|Any CPU
		{59981EC7-5CE9-4B7D-8B71-99756FC8500D}.Debug|Any CPU.Build.0 = Debug|Any CPU
		{59981EC7-5CE9-4B7D-8B71-99756FC8500D}.Release|Any CPU.ActiveCfg = Release|Any CPU
		{59981EC7-5CE9-4B7D-8B71-99756FC8500D}.Release|Any CPU.Build.0 = Release|Any CPU
	EndGlobalSection
	GlobalSection(SolutionProperties) = preSolution
		HideSolutionNode = FALSE
	EndGlobalSection
	GlobalSection(ExtensibilityGlobals) = postSolution
		SolutionGuid = {18C4CC4B-452B-439F-A0A7-CB90A8AE09C8}
	EndGlobalSection
EndGlobal
